
Microsoft Visual Studio Solution File, Format Version 12.00
# Visual Studio Version 17
VisualStudioVersion = 17.5.002.0
MinimumVisualStudioVersion = 10.0.40219.1
Project("{9A19103F-16F7-4668-BE54-9A1E7A4F7556}") = "SlipThrough2", "SlipThrough2.csproj", "{BD2F90CF-D779-4783-9A2B-FA0CDC25315A}"
EndProject
Global
	GlobalSection(SolutionConfigurationPlatforms) = preSolution
		Debug|Any CPU = Debug|Any CPU
		Release|Any CPU = Release|Any CPU
	EndGlobalSection
	GlobalSection(ProjectConfigurationPlatforms) = postSolution
		{BD2F90CF-D779-4783-9A2B-FA0CDC25315A}.Debug|Any CPU.ActiveCfg = Debug|Any CPU
		{BD2F90CF-D779-4783-9A2B-FA0CDC25315A}.Debug|Any CPU.Build.0 = Debug|Any CPU
		{BD2F90CF-D779-4783-9A2B-FA0CDC25315A}.Release|Any CPU.ActiveCfg = Release|Any CPU
		{BD2F90CF-D779-4783-9A2B-FA0CDC25315A}.Release|Any CPU.Build.0 = Release|Any CPU
	EndGlobalSection
	GlobalSection(SolutionProperties) = preSolution
		HideSolutionNode = FALSE
	EndGlobalSection
	GlobalSection(ExtensibilityGlobals) = postSolution
		SolutionGuid = {B9BA8A3F-EB63-4952-9E4C-CD7ACE8A7D6E}
	EndGlobalSection
EndGlobal
